
Microsoft Visual Studio Solution File, Format Version 12.00
# Visual Studio 14
VisualStudioVersion = 14.0.25420.1
MinimumVisualStudioVersion = 10.0.40219.1
Project("{FAE04EC0-301F-11D3-BF4B-00C04F79EFBC}") = "ConvertTool", "ConvertTool\ConvertTool.csproj", "{C0B135AC-DFEE-4E6E-BF2A-67F707106158}"
EndProject
Project("{FAE04EC0-301F-11D3-BF4B-00C04F79EFBC}") = "ConvertToolCore", "ConvertToolCore\ConvertToolCore.csproj", "{645818A5-974C-445A-B48C-807A1FA819CC}"
EndProject
Project("{FAE04EC0-301F-11D3-BF4B-00C04F79EFBC}") = "DBHelper", "DBHelper\DBHelper.csproj", "{E66EEC94-532C-47E7-A324-D016B2EF2BF5}"
EndProject
Project("{FAE04EC0-301F-11D3-BF4B-00C04F79EFBC}") = "IOHelper", "IOHelper\IOHelper.csproj", "{5C73A59A-3891-4E33-B53D-29B5A73D92F1}"
EndProject
Project("{2150E333-8FDC-42A3-9474-1A3956D46DE8}") = "MISS", "MISS", "{F8663E03-5508-434D-A046-EE9A3432D73C}"
EndProject
Project("{2150E333-8FDC-42A3-9474-1A3956D46DE8}") = "Solution Items", "Solution Items", "{9E97DEBC-684F-4F2A-9895-314DADE3C1D5}"
	ProjectSection(SolutionItems) = preProject
		ReadMe.txt = ReadMe.txt
	EndProjectSection
EndProject
Project("{FAE04EC0-301F-11D3-BF4B-00C04F79EFBC}") = "ConvertTool-Winform", "ConvertTool-Winform\ConvertTool-Winform.csproj", "{BAC50916-8D27-44ED-9398-99E37E427560}"
EndProject
Project("{FAE04EC0-301F-11D3-BF4B-00C04F79EFBC}") = "CommomUserControls", "CommomUserControls\CommomUserControls.csproj", "{03559F69-4F22-439C-897D-D8274CCFE6F7}"
EndProject
Global
	GlobalSection(SolutionConfigurationPlatforms) = preSolution
		Debug|Any CPU = Debug|Any CPU
		Release|Any CPU = Release|Any CPU
	EndGlobalSection
	GlobalSection(ProjectConfigurationPlatforms) = postSolution
		{C0B135AC-DFEE-4E6E-BF2A-67F707106158}.Debug|Any CPU.ActiveCfg = Debug|Any CPU
		{C0B135AC-DFEE-4E6E-BF2A-67F707106158}.Debug|Any CPU.Build.0 = Debug|Any CPU
		{C0B135AC-DFEE-4E6E-BF2A-67F707106158}.Release|Any CPU.ActiveCfg = Release|Any CPU
		{C0B135AC-DFEE-4E6E-BF2A-67F707106158}.Release|Any CPU.Build.0 = Release|Any CPU
		{645818A5-974C-445A-B48C-807A1FA819CC}.Debug|Any CPU.ActiveCfg = Debug|Any CPU
		{645818A5-974C-445A-B48C-807A1FA819CC}.Debug|Any CPU.Build.0 = Debug|Any CPU
		{645818A5-974C-445A-B48C-807A1FA819CC}.Release|Any CPU.ActiveCfg = Release|Any CPU
		{645818A5-974C-445A-B48C-807A1FA819CC}.Release|Any CPU.Build.0 = Release|Any CPU
		{E66EEC94-532C-47E7-A324-D016B2EF2BF5}.Debug|Any CPU.ActiveCfg = Debug|Any CPU
		{E66EEC94-532C-47E7-A324-D016B2EF2BF5}.Debug|Any CPU.Build.0 = Debug|Any CPU
		{E66EEC94-532C-47E7-A324-D016B2EF2BF5}.Release|Any CPU.ActiveCfg = Release|Any CPU
		{E66EEC94-532C-47E7-A324-D016B2EF2BF5}.Release|Any CPU.Build.0 = Release|Any CPU
		{5C73A59A-3891-4E33-B53D-29B5A73D92F1}.Debug|Any CPU.ActiveCfg = Debug|Any CPU
		{5C73A59A-3891-4E33-B53D-29B5A73D92F1}.Debug|Any CPU.Build.0 = Debug|Any CPU
		{5C73A59A-3891-4E33-B53D-29B5A73D92F1}.Release|Any CPU.ActiveCfg = Release|Any CPU
		{5C73A59A-3891-4E33-B53D-29B5A73D92F1}.Release|Any CPU.Build.0 = Release|Any CPU
		{BAC50916-8D27-44ED-9398-99E37E427560}.Debug|Any CPU.ActiveCfg = Debug|Any CPU
		{BAC50916-8D27-44ED-9398-99E37E427560}.Debug|Any CPU.Build.0 = Debug|Any CPU
		{BAC50916-8D27-44ED-9398-99E37E427560}.Release|Any CPU.ActiveCfg = Release|Any CPU
		{BAC50916-8D27-44ED-9398-99E37E427560}.Release|Any CPU.Build.0 = Release|Any CPU
		{03559F69-4F22-439C-897D-D8274CCFE6F7}.Debug|Any CPU.ActiveCfg = Debug|Any CPU
		{03559F69-4F22-439C-897D-D8274CCFE6F7}.Debug|Any CPU.Build.0 = Debug|Any CPU
		{03559F69-4F22-439C-897D-D8274CCFE6F7}.Release|Any CPU.ActiveCfg = Release|Any CPU
		{03559F69-4F22-439C-897D-D8274CCFE6F7}.Release|Any CPU.Build.0 = Release|Any CPU
	EndGlobalSection
	GlobalSection(SolutionProperties) = preSolution
		HideSolutionNode = FALSE
	EndGlobalSection
	GlobalSection(NestedProjects) = preSolution
		{E66EEC94-532C-47E7-A324-D016B2EF2BF5} = {F8663E03-5508-434D-A046-EE9A3432D73C}
		{5C73A59A-3891-4E33-B53D-29B5A73D92F1} = {F8663E03-5508-434D-A046-EE9A3432D73C}
	EndGlobalSection
EndGlobal
